
Microsoft Visual Studio Solution File, Format Version 11.00
# Visual Studio 2010
Project("{FAE04EC0-301F-11D3-BF4B-00C04F79EFBC}") = "Aesir", "Assembly-CSharp.csproj", "{BB4DCCAC-D06D-7A80-0FCB-5DABDD2D74E6}"
EndProject
Project("{FAE04EC0-301F-11D3-BF4B-00C04F79EFBC}") = "Aesir", "Assembly-CSharp-Editor.csproj", "{07CF908C-46BC-385F-2F5C-C11E3F0DDB6F}"
EndProject
Global
	GlobalSection(SolutionConfigurationPlatforms) = preSolution
		Debug|Any CPU = Debug|Any CPU
		Release|Any CPU = Release|Any CPU
	EndGlobalSection
	GlobalSection(ProjectConfigurationPlatforms) = postSolution
		{BB4DCCAC-D06D-7A80-0FCB-5DABDD2D74E6}.Debug|Any CPU.ActiveCfg = Debug|Any CPU
		{BB4DCCAC-D06D-7A80-0FCB-5DABDD2D74E6}.Debug|Any CPU.Build.0 = Debug|Any CPU
		{BB4DCCAC-D06D-7A80-0FCB-5DABDD2D74E6}.Release|Any CPU.ActiveCfg = Release|Any CPU
		{BB4DCCAC-D06D-7A80-0FCB-5DABDD2D74E6}.Release|Any CPU.Build.0 = Release|Any CPU
		{07CF908C-46BC-385F-2F5C-C11E3F0DDB6F}.Debug|Any CPU.ActiveCfg = Debug|Any CPU
		{07CF908C-46BC-385F-2F5C-C11E3F0DDB6F}.Debug|Any CPU.Build.0 = Debug|Any CPU
		{07CF908C-46BC-385F-2F5C-C11E3F0DDB6F}.Release|Any CPU.ActiveCfg = Release|Any CPU
		{07CF908C-46BC-385F-2F5C-C11E3F0DDB6F}.Release|Any CPU.Build.0 = Release|Any CPU
	EndGlobalSection
	GlobalSection(SolutionProperties) = preSolution
		HideSolutionNode = FALSE
	EndGlobalSection
	GlobalSection(MonoDevelopProperties) = preSolution
		StartupItem = Assembly-CSharp.csproj
	EndGlobalSection
EndGlobal
