
Microsoft Visual Studio Solution File, Format Version 12.00
# Visual Studio 15
Project("{FAE04EC0-301F-11D3-BF4B-00C04F79EFBC}") = "Aesir", "Aesir.csproj", "{DFDD7DBC-AA90-39B8-AD25-8317D95B4C77}"
EndProject
Project("{FAE04EC0-301F-11D3-BF4B-00C04F79EFBC}") = "Aesir.Editor", "Aesir.Editor.csproj", "{D558A21F-4EF0-9FF0-909E-CDB126BF7206}"
EndProject
Global
	GlobalSection(SolutionConfigurationPlatforms) = preSolution
		Debug|Any CPU = Debug|Any CPU
		Release|Any CPU = Release|Any CPU
	EndGlobalSection
	GlobalSection(ProjectConfigurationPlatforms) = postSolution
		{DFDD7DBC-AA90-39B8-AD25-8317D95B4C77}.Debug|Any CPU.ActiveCfg = Debug|Any CPU
		{DFDD7DBC-AA90-39B8-AD25-8317D95B4C77}.Debug|Any CPU.Build.0 = Debug|Any CPU
		{DFDD7DBC-AA90-39B8-AD25-8317D95B4C77}.Release|Any CPU.ActiveCfg = Release|Any CPU
		{DFDD7DBC-AA90-39B8-AD25-8317D95B4C77}.Release|Any CPU.Build.0 = Release|Any CPU
		{D558A21F-4EF0-9FF0-909E-CDB126BF7206}.Debug|Any CPU.ActiveCfg = Debug|Any CPU
		{D558A21F-4EF0-9FF0-909E-CDB126BF7206}.Debug|Any CPU.Build.0 = Debug|Any CPU
		{D558A21F-4EF0-9FF0-909E-CDB126BF7206}.Release|Any CPU.ActiveCfg = Release|Any CPU
		{D558A21F-4EF0-9FF0-909E-CDB126BF7206}.Release|Any CPU.Build.0 = Release|Any CPU
	EndGlobalSection
	GlobalSection(SolutionProperties) = preSolution
		HideSolutionNode = FALSE
	EndGlobalSection
EndGlobal
